
Microsoft Visual Studio Solution File, Format Version 12.00
# Visual Studio Version 17
VisualStudioVersion = 17.6.33829.357
MinimumVisualStudioVersion = 10.0.40219.1
Project("{FAE04EC0-301F-11D3-BF4B-00C04F79EFBC}") = "logic.system.Kuhlula.api", "logic.system.Kuhlula.api\logic.system.Kuhlula.api.csproj", "{05E1EBEE-ECBB-49A1-B766-8C438448114A}"
EndProject
Global
	GlobalSection(SolutionConfigurationPlatforms) = preSolution
		Debug|Any CPU = Debug|Any CPU
		Release|Any CPU = Release|Any CPU
	EndGlobalSection
	GlobalSection(ProjectConfigurationPlatforms) = postSolution
		{05E1EBEE-ECBB-49A1-B766-8C438448114A}.Debug|Any CPU.ActiveCfg = Debug|Any CPU
		{05E1EBEE-ECBB-49A1-B766-8C438448114A}.Debug|Any CPU.Build.0 = Debug|Any CPU
		{05E1EBEE-ECBB-49A1-B766-8C438448114A}.Release|Any CPU.ActiveCfg = Release|Any CPU
		{05E1EBEE-ECBB-49A1-B766-8C438448114A}.Release|Any CPU.Build.0 = Release|Any CPU
	EndGlobalSection
	GlobalSection(SolutionProperties) = preSolution
		HideSolutionNode = FALSE
	EndGlobalSection
	GlobalSection(ExtensibilityGlobals) = postSolution
		SolutionGuid = {1B142B78-592A-4739-99DD-0A8C56EB4AB0}
	EndGlobalSection
EndGlobal
